
Microsoft Visual Studio Solution File, Format Version 12.00
# Visual Studio Version 17
VisualStudioVersion = 17.11.35303.130
MinimumVisualStudioVersion = 10.0.40219.1
Project("{FAE04EC0-301F-11D3-BF4B-00C04F79EFBC}") = "Web_dep_test", "Web_dep_test.csproj", "{0D16BBA3-385E-4DD6-9BBD-57EA43368AB0}"
EndProject
Global
	GlobalSection(SolutionConfigurationPlatforms) = preSolution
		Debug|Any CPU = Debug|Any CPU
		Release|Any CPU = Release|Any CPU
	EndGlobalSection
	GlobalSection(ProjectConfigurationPlatforms) = postSolution
		{0D16BBA3-385E-4DD6-9BBD-57EA43368AB0}.Debug|Any CPU.ActiveCfg = Debug|Any CPU
		{0D16BBA3-385E-4DD6-9BBD-57EA43368AB0}.Debug|Any CPU.Build.0 = Debug|Any CPU
		{0D16BBA3-385E-4DD6-9BBD-57EA43368AB0}.Release|Any CPU.ActiveCfg = Release|Any CPU
		{0D16BBA3-385E-4DD6-9BBD-57EA43368AB0}.Release|Any CPU.Build.0 = Release|Any CPU
	EndGlobalSection
	GlobalSection(SolutionProperties) = preSolution
		HideSolutionNode = FALSE
	EndGlobalSection
	GlobalSection(ExtensibilityGlobals) = postSolution
		SolutionGuid = {1D35EEC7-F433-494A-BC3B-37E53A6C61FF}
	EndGlobalSection
EndGlobal
